
Microsoft Visual Studio Solution File, Format Version 12.00
# Visual Studio Version 17
VisualStudioVersion = 17.7.34031.279
MinimumVisualStudioVersion = 10.0.40219.1
Project("{FAE04EC0-301F-11D3-BF4B-00C04F79EFBC}") = "Training_MS_Mono", "Training_MS_Mono\Training_MS_Mono.csproj", "{EADB37A2-C1AE-49F6-95D1-8A962E0C2ED3}"
EndProject
Global
	GlobalSection(SolutionConfigurationPlatforms) = preSolution
		Debug|Any CPU = Debug|Any CPU
		Release|Any CPU = Release|Any CPU
	EndGlobalSection
	GlobalSection(ProjectConfigurationPlatforms) = postSolution
		{EADB37A2-C1AE-49F6-95D1-8A962E0C2ED3}.Debug|Any CPU.ActiveCfg = Debug|Any CPU
		{EADB37A2-C1AE-49F6-95D1-8A962E0C2ED3}.Debug|Any CPU.Build.0 = Debug|Any CPU
		{EADB37A2-C1AE-49F6-95D1-8A962E0C2ED3}.Release|Any CPU.ActiveCfg = Release|Any CPU
		{EADB37A2-C1AE-49F6-95D1-8A962E0C2ED3}.Release|Any CPU.Build.0 = Release|Any CPU
	EndGlobalSection
	GlobalSection(SolutionProperties) = preSolution
		HideSolutionNode = FALSE
	EndGlobalSection
	GlobalSection(ExtensibilityGlobals) = postSolution
		SolutionGuid = {273397A8-8776-48C6-81F4-8C077FEF59B7}
	EndGlobalSection
EndGlobal
